
Microsoft Visual Studio Solution File, Format Version 12.00
# Visual Studio Version 16
VisualStudioVersion = 16.0.30128.74
MinimumVisualStudioVersion = 10.0.40219.1
Project("{FAE04EC0-301F-11D3-BF4B-00C04F79EFBC}") = "platforma", "platforma\platforma.csproj", "{6DECAD93-0CFD-4293-B639-724F153B008D}"
EndProject
Global
	GlobalSection(SolutionConfigurationPlatforms) = preSolution
		Debug|Any CPU = Debug|Any CPU
		Release|Any CPU = Release|Any CPU
	EndGlobalSection
	GlobalSection(ProjectConfigurationPlatforms) = postSolution
		{6DECAD93-0CFD-4293-B639-724F153B008D}.Debug|Any CPU.ActiveCfg = Debug|Any CPU
		{6DECAD93-0CFD-4293-B639-724F153B008D}.Debug|Any CPU.Build.0 = Debug|Any CPU
		{6DECAD93-0CFD-4293-B639-724F153B008D}.Release|Any CPU.ActiveCfg = Release|Any CPU
		{6DECAD93-0CFD-4293-B639-724F153B008D}.Release|Any CPU.Build.0 = Release|Any CPU
	EndGlobalSection
	GlobalSection(SolutionProperties) = preSolution
		HideSolutionNode = FALSE
	EndGlobalSection
	GlobalSection(ExtensibilityGlobals) = postSolution
		SolutionGuid = {7DB275AD-FA18-459F-8EF7-7439B1BA7245}
	EndGlobalSection
EndGlobal
